
Microsoft Visual Studio Solution File, Format Version 12.00
# Visual Studio Version 17
VisualStudioVersion = 17.11.35327.3
MinimumVisualStudioVersion = 10.0.40219.1
Project("{FAE04EC0-301F-11D3-BF4B-00C04F79EFBC}") = "CertificateStatisticAPI", "CertificateStatisticAPI\CertificateStatisticAPI.csproj", "{926BA18C-6959-46F0-A631-3377FF5C88DD}"
EndProject
Global
	GlobalSection(SolutionConfigurationPlatforms) = preSolution
		Debug|Any CPU = Debug|Any CPU
		Release|Any CPU = Release|Any CPU
	EndGlobalSection
	GlobalSection(ProjectConfigurationPlatforms) = postSolution
		{926BA18C-6959-46F0-A631-3377FF5C88DD}.Debug|Any CPU.ActiveCfg = Debug|Any CPU
		{926BA18C-6959-46F0-A631-3377FF5C88DD}.Debug|Any CPU.Build.0 = Debug|Any CPU
		{926BA18C-6959-46F0-A631-3377FF5C88DD}.Release|Any CPU.ActiveCfg = Release|Any CPU
		{926BA18C-6959-46F0-A631-3377FF5C88DD}.Release|Any CPU.Build.0 = Release|Any CPU
	EndGlobalSection
	GlobalSection(SolutionProperties) = preSolution
		HideSolutionNode = FALSE
	EndGlobalSection
	GlobalSection(ExtensibilityGlobals) = postSolution
		SolutionGuid = {BDB0C965-0C38-4FD1-A0EA-87A52BA454E2}
	EndGlobalSection
EndGlobal
